slot: 1
proposer_index: 63
parent_root: '0xcea6ecd3d3188e32ebf611f960eebd45b6c6f477a7cff242fa567a42653bfc7c'
state_root: '0x0000000000000000000000000000000000000000000000000000000000000000'
body:
  randao_reveal: '0x90b4081c585f673afd2ee086d9ed15617e3baa2fd79f93d4abb934a687e146eb1b432d71047d5c93d929106af1bef1dc1917828dfeeac20dd045599794a86ab163dbf7f01dab3fa5ecb6f880286d440e95f0109fdb0831cb9acb9067f8712d72'
  eth1_data: {deposit_root: '0x0000000000000000000000000000000000000000000000000000000000000000',
    deposit_count: 64, block_hash: '0x0000000000000000000000000000000000000000000000000000000000000000'}
  graffiti: '0x0000000000000000000000000000000000000000000000000000000000000000'
  proposer_slashings: []
  attester_slashings: []
  attestations: []
  deposits: []
  voluntary_exits: []
